
Microsoft Visual Studio Solution File, Format Version 12.00
# Visual Studio Version 17
VisualStudioVersion = 17.7.34024.191
MinimumVisualStudioVersion = 10.0.40219.1
Project("{2150E333-8FDC-42A3-9474-1A3956D46DE8}") = "N36", "N36", "{094D97EC-0D90-4B15-924F-A8CF469C1EF6}"
EndProject
Project("{9A19103F-16F7-4668-BE54-9A1E7A4F7556}") = "N36_Dars", "N36_Dars\N36_Dars.csproj", "{EF96702D-162F-420A-88BA-DC338DE55352}"
EndProject
Project("{2150E333-8FDC-42A3-9474-1A3956D46DE8}") = "HomeTasks", "HomeTasks", "{694F275F-F33B-4F4E-AAF6-28EAE202AE86}"
EndProject
Project("{FAE04EC0-301F-11D3-BF4B-00C04F79EFBC}") = "N36-T1", "N36-T1\N36-T1.csproj", "{AD69E6C1-068F-469F-994E-FD8943342E2D}"
EndProject
Project("{FAE04EC0-301F-11D3-BF4B-00C04F79EFBC}") = "N36-T2", "N36-T2\N36-T2.csproj", "{334CE172-EA23-45B1-A4C9-1C67034F43FF}"
EndProject
Project("{FAE04EC0-301F-11D3-BF4B-00C04F79EFBC}") = "N36-T3", "N36-T3\N36-T3.csproj", "{1E67FADF-CEF3-48A1-8823-0792AA47FDA8}"
EndProject
Global
	GlobalSection(SolutionConfigurationPlatforms) = preSolution
		Debug|Any CPU = Debug|Any CPU
		Release|Any CPU = Release|Any CPU
	EndGlobalSection
	GlobalSection(ProjectConfigurationPlatforms) = postSolution
		{EF96702D-162F-420A-88BA-DC338DE55352}.Debug|Any CPU.ActiveCfg = Debug|Any CPU
		{EF96702D-162F-420A-88BA-DC338DE55352}.Debug|Any CPU.Build.0 = Debug|Any CPU
		{EF96702D-162F-420A-88BA-DC338DE55352}.Release|Any CPU.ActiveCfg = Release|Any CPU
		{EF96702D-162F-420A-88BA-DC338DE55352}.Release|Any CPU.Build.0 = Release|Any CPU
		{AD69E6C1-068F-469F-994E-FD8943342E2D}.Debug|Any CPU.ActiveCfg = Debug|Any CPU
		{AD69E6C1-068F-469F-994E-FD8943342E2D}.Debug|Any CPU.Build.0 = Debug|Any CPU
		{AD69E6C1-068F-469F-994E-FD8943342E2D}.Release|Any CPU.ActiveCfg = Release|Any CPU
		{AD69E6C1-068F-469F-994E-FD8943342E2D}.Release|Any CPU.Build.0 = Release|Any CPU
		{334CE172-EA23-45B1-A4C9-1C67034F43FF}.Debug|Any CPU.ActiveCfg = Debug|Any CPU
		{334CE172-EA23-45B1-A4C9-1C67034F43FF}.Debug|Any CPU.Build.0 = Debug|Any CPU
		{334CE172-EA23-45B1-A4C9-1C67034F43FF}.Release|Any CPU.ActiveCfg = Release|Any CPU
		{334CE172-EA23-45B1-A4C9-1C67034F43FF}.Release|Any CPU.Build.0 = Release|Any CPU
		{1E67FADF-CEF3-48A1-8823-0792AA47FDA8}.Debug|Any CPU.ActiveCfg = Debug|Any CPU
		{1E67FADF-CEF3-48A1-8823-0792AA47FDA8}.Debug|Any CPU.Build.0 = Debug|Any CPU
		{1E67FADF-CEF3-48A1-8823-0792AA47FDA8}.Release|Any CPU.ActiveCfg = Release|Any CPU
		{1E67FADF-CEF3-48A1-8823-0792AA47FDA8}.Release|Any CPU.Build.0 = Release|Any CPU
	EndGlobalSection
	GlobalSection(SolutionProperties) = preSolution
		HideSolutionNode = FALSE
	EndGlobalSection
	GlobalSection(NestedProjects) = preSolution
		{EF96702D-162F-420A-88BA-DC338DE55352} = {094D97EC-0D90-4B15-924F-A8CF469C1EF6}
		{694F275F-F33B-4F4E-AAF6-28EAE202AE86} = {094D97EC-0D90-4B15-924F-A8CF469C1EF6}
		{AD69E6C1-068F-469F-994E-FD8943342E2D} = {694F275F-F33B-4F4E-AAF6-28EAE202AE86}
		{334CE172-EA23-45B1-A4C9-1C67034F43FF} = {694F275F-F33B-4F4E-AAF6-28EAE202AE86}
		{1E67FADF-CEF3-48A1-8823-0792AA47FDA8} = {694F275F-F33B-4F4E-AAF6-28EAE202AE86}
	EndGlobalSection
	GlobalSection(ExtensibilityGlobals) = postSolution
		SolutionGuid = {EF34FC72-5842-42CB-AA7C-745F84630A26}
	EndGlobalSection
EndGlobal
