
Microsoft Visual Studio Solution File, Format Version 12.00
# Visual Studio Version 17
VisualStudioVersion = 17.7.34024.191
MinimumVisualStudioVersion = 10.0.40219.1
Project("{2150E333-8FDC-42A3-9474-1A3956D46DE8}") = "N36", "N36", "{094D97EC-0D90-4B15-924F-A8CF469C1EF6}"
EndProject
Project("{9A19103F-16F7-4668-BE54-9A1E7A4F7556}") = "N36_Dars", "N36_Dars\N36_Dars.csproj", "{EF96702D-162F-420A-88BA-DC338DE55352}"
EndProject
Project("{2150E333-8FDC-42A3-9474-1A3956D46DE8}") = "HomeTasks", "HomeTasks", "{694F275F-F33B-4F4E-AAF6-28EAE202AE86}"
EndProject
Project("{9A19103F-16F7-4668-BE54-9A1E7A4F7556}") = "N36-T1", "N36-T1\N36-T1.csproj", "{AD69E6C1-068F-469F-994E-FD8943342E2D}"
EndProject
Project("{9A19103F-16F7-4668-BE54-9A1E7A4F7556}") = "N36-T2", "N36-T2\N36-T2.csproj", "{334CE172-EA23-45B1-A4C9-1C67034F43FF}"
EndProject
Project("{9A19103F-16F7-4668-BE54-9A1E7A4F7556}") = "N36-T3", "N36-T3\N36-T3.csproj", "{1E67FADF-CEF3-48A1-8823-0792AA47FDA8}"
EndProject
Project("{2150E333-8FDC-42A3-9474-1A3956D46DE8}") = "N37", "N37", "{E602E3F2-FA4B-4C76-9EF7-4DF1D47B2448}"
EndProject
Project("{2150E333-8FDC-42A3-9474-1A3956D46DE8}") = "Tasks", "Tasks", "{FD6B1FEF-CF3B-40F7-A9B7-436E07DB9DF3}"
EndProject
Project("{9A19103F-16F7-4668-BE54-9A1E7A4F7556}") = "N37-Dars", "N37-Dars\N37-Dars.csproj", "{7A06A9F8-23A8-40E5-BCF8-4DF9148DF02A}"
EndProject
Project("{9A19103F-16F7-4668-BE54-9A1E7A4F7556}") = "N37-Task1", "N37-Task1\N37-Task1.csproj", "{62263341-B395-480D-B7AB-7B95FE2ABB2B}"
EndProject
Project("{2150E333-8FDC-42A3-9474-1A3956D46DE8}") = "Home Tasks", "Home Tasks", "{FD8ABD00-EA59-4005-92CF-9B2A97EF23DE}"
EndProject
Project("{9A19103F-16F7-4668-BE54-9A1E7A4F7556}") = "N37-HT1", "N37-HT1\N37-HT1.csproj", "{8F5F5EB7-E42B-47E5-9A38-E23CD1FDA7A2}"
EndProject
Project("{2150E333-8FDC-42A3-9474-1A3956D46DE8}") = "N38", "N38", "{B9A0677A-CEA2-482A-A1D2-2709B3B32AA2}"
EndProject
Project("{2150E333-8FDC-42A3-9474-1A3956D46DE8}") = "Tasks", "Tasks", "{753C72DF-465F-4E58-B08F-2324AF2CEEE3}"
EndProject
Project("{9A19103F-16F7-4668-BE54-9A1E7A4F7556}") = "N38-Task1", "N38-Task1\N38-Task1.csproj", "{CDBB4F18-DA67-4792-82A4-4CB17F181710}"
EndProject
Project("{2150E333-8FDC-42A3-9474-1A3956D46DE8}") = "Home Tasks", "Home Tasks", "{0527D54F-75C3-4062-AD91-1E60ECA8794D}"
EndProject
Project("{9A19103F-16F7-4668-BE54-9A1E7A4F7556}") = "N38-HT1", "N38-HT1\N38-HT1.csproj", "{6598C58B-065C-4E0D-A375-03D35126BBBC}"
EndProject
Project("{9A19103F-16F7-4668-BE54-9A1E7A4F7556}") = "N38-HT2", "N38-HT2\N38-HT2.csproj", "{38640AE8-61CF-40D6-9A86-56C425DE4092}"
EndProject
Project("{2150E333-8FDC-42A3-9474-1A3956D46DE8}") = "N39", "N39", "{B360AE69-8A98-40BC-AF1D-9FA93C4CD44D}"
EndProject
Project("{2150E333-8FDC-42A3-9474-1A3956D46DE8}") = "Home Tasks", "Home Tasks", "{AD8305E8-4F19-4DA0-A6E5-19235FBB0DF1}"
EndProject
Project("{FAE04EC0-301F-11D3-BF4B-00C04F79EFBC}") = "N39-HT1", "N39-HT1\N39-HT1.csproj", "{47BC2C5A-DA6F-4368-BA25-C3612BC142B4}"
EndProject
Project("{FAE04EC0-301F-11D3-BF4B-00C04F79EFBC}") = "N39-HT2", "N39-HT2\N39-HT2.csproj", "{44956B7A-DA4D-4F75-90C1-8643C9206BFB}"
EndProject
Project("{2150E333-8FDC-42A3-9474-1A3956D46DE8}") = "N40", "N40", "{E8F86889-153F-448A-B994-83178218A806}"
EndProject
Project("{2150E333-8FDC-42A3-9474-1A3956D46DE8}") = "Tasks", "Tasks", "{4739D7A6-B60B-42E8-9800-658A6F7FFC4E}"
EndProject
Project("{FAE04EC0-301F-11D3-BF4B-00C04F79EFBC}") = "N40-Task1", "N40-Task1\N40-Task1.csproj", "{FB7A29B2-1E0B-425B-9FDC-0BC1F222DDEB}"
EndProject
Project("{2150E333-8FDC-42A3-9474-1A3956D46DE8}") = "N41", "N41", "{12C9F533-9314-432F-B2C5-7417AAEA0532}"
EndProject
Project("{2150E333-8FDC-42A3-9474-1A3956D46DE8}") = "Home Tasks", "Home Tasks", "{E1EA07AE-2C95-455C-AADF-8C751298E914}"
EndProject
Project("{FAE04EC0-301F-11D3-BF4B-00C04F79EFBC}") = "N41-HT1", "N41-HT1\N41-HT1.csproj", "{8E6DF3FA-F18D-4A9A-BA7B-C454AB9F96FA}"
EndProject
Project("{FAE04EC0-301F-11D3-BF4B-00C04F79EFBC}") = "N41-HT2", "N41-HT2\N41-HT2.csproj", "{E13C77DD-2A3F-444F-AA34-50196E5BD6AC}"
EndProject
Project("{2150E333-8FDC-42A3-9474-1A3956D46DE8}") = "N43", "N43", "{E3675463-EE1A-4C1F-94AC-AEC2945D24AA}"
EndProject
Project("{2150E333-8FDC-42A3-9474-1A3956D46DE8}") = "Tasks", "Tasks", "{12A07E5B-B6C8-4588-9EEB-4D7B31675E93}"
EndProject
Project("{FAE04EC0-301F-11D3-BF4B-00C04F79EFBC}") = "N43-T1", "N43-T1\N43-T1.csproj", "{D63667CC-F2C2-4571-8103-2BE9E9A41752}"
EndProject
Project("{FAE04EC0-301F-11D3-BF4B-00C04F79EFBC}") = "EmailMessageApp", "EmailMessageApp\EmailMessageApp.csproj", "{3B6007EA-B5B3-4C71-88FA-4E564A241F28}"
EndProject
Project("{2150E333-8FDC-42A3-9474-1A3956D46DE8}") = "Home Tasks", "Home Tasks", "{E67D121D-70EE-4B0A-840C-A2C9CF8C7AC3}"
EndProject
Project("{FAE04EC0-301F-11D3-BF4B-00C04F79EFBC}") = "N43-HT1", "N43-HT1\N43-HT1.csproj", "{0D2C8941-38BF-46CB-992B-278E397709F8}"
EndProject
Project("{2150E333-8FDC-42A3-9474-1A3956D46DE8}") = "N44", "N44", "{8AA7FB76-DE3C-4EC0-8333-4CF1226176F5}"
EndProject
Project("{2150E333-8FDC-42A3-9474-1A3956D46DE8}") = "Home Tasks", "Home Tasks", "{407E97F1-B6AF-4E1C-AB10-B38A49EB94B2}"
EndProject
Project("{FAE04EC0-301F-11D3-BF4B-00C04F79EFBC}") = "N44-HT1", "N44-HT1\N44-HT1.csproj", "{83805702-3239-414E-BA3D-F5D4772AED3E}"
EndProject
Project("{FAE04EC0-301F-11D3-BF4B-00C04F79EFBC}") = "N44-HT2", "N44-HT2\N44-HT2.csproj", "{ED77A204-B0B3-4411-ADAF-B5C8F7404613}"
EndProject
Global
	GlobalSection(SolutionConfigurationPlatforms) = preSolution
		Debug|Any CPU = Debug|Any CPU
		Release|Any CPU = Release|Any CPU
	EndGlobalSection
	GlobalSection(ProjectConfigurationPlatforms) = postSolution
		{EF96702D-162F-420A-88BA-DC338DE55352}.Debug|Any CPU.ActiveCfg = Debug|Any CPU
		{EF96702D-162F-420A-88BA-DC338DE55352}.Debug|Any CPU.Build.0 = Debug|Any CPU
		{EF96702D-162F-420A-88BA-DC338DE55352}.Release|Any CPU.ActiveCfg = Release|Any CPU
		{EF96702D-162F-420A-88BA-DC338DE55352}.Release|Any CPU.Build.0 = Release|Any CPU
		{AD69E6C1-068F-469F-994E-FD8943342E2D}.Debug|Any CPU.ActiveCfg = Debug|Any CPU
		{AD69E6C1-068F-469F-994E-FD8943342E2D}.Debug|Any CPU.Build.0 = Debug|Any CPU
		{AD69E6C1-068F-469F-994E-FD8943342E2D}.Release|Any CPU.ActiveCfg = Release|Any CPU
		{AD69E6C1-068F-469F-994E-FD8943342E2D}.Release|Any CPU.Build.0 = Release|Any CPU
		{334CE172-EA23-45B1-A4C9-1C67034F43FF}.Debug|Any CPU.ActiveCfg = Debug|Any CPU
		{334CE172-EA23-45B1-A4C9-1C67034F43FF}.Debug|Any CPU.Build.0 = Debug|Any CPU
		{334CE172-EA23-45B1-A4C9-1C67034F43FF}.Release|Any CPU.ActiveCfg = Release|Any CPU
		{334CE172-EA23-45B1-A4C9-1C67034F43FF}.Release|Any CPU.Build.0 = Release|Any CPU
		{1E67FADF-CEF3-48A1-8823-0792AA47FDA8}.Debug|Any CPU.ActiveCfg = Debug|Any CPU
		{1E67FADF-CEF3-48A1-8823-0792AA47FDA8}.Debug|Any CPU.Build.0 = Debug|Any CPU
		{1E67FADF-CEF3-48A1-8823-0792AA47FDA8}.Release|Any CPU.ActiveCfg = Release|Any CPU
		{1E67FADF-CEF3-48A1-8823-0792AA47FDA8}.Release|Any CPU.Build.0 = Release|Any CPU
		{7A06A9F8-23A8-40E5-BCF8-4DF9148DF02A}.Debug|Any CPU.ActiveCfg = Debug|Any CPU
		{7A06A9F8-23A8-40E5-BCF8-4DF9148DF02A}.Debug|Any CPU.Build.0 = Debug|Any CPU
		{7A06A9F8-23A8-40E5-BCF8-4DF9148DF02A}.Release|Any CPU.ActiveCfg = Release|Any CPU
		{7A06A9F8-23A8-40E5-BCF8-4DF9148DF02A}.Release|Any CPU.Build.0 = Release|Any CPU
		{62263341-B395-480D-B7AB-7B95FE2ABB2B}.Debug|Any CPU.ActiveCfg = Debug|Any CPU
		{62263341-B395-480D-B7AB-7B95FE2ABB2B}.Debug|Any CPU.Build.0 = Debug|Any CPU
		{62263341-B395-480D-B7AB-7B95FE2ABB2B}.Release|Any CPU.ActiveCfg = Release|Any CPU
		{62263341-B395-480D-B7AB-7B95FE2ABB2B}.Release|Any CPU.Build.0 = Release|Any CPU
		{8F5F5EB7-E42B-47E5-9A38-E23CD1FDA7A2}.Debug|Any CPU.ActiveCfg = Debug|Any CPU
		{8F5F5EB7-E42B-47E5-9A38-E23CD1FDA7A2}.Debug|Any CPU.Build.0 = Debug|Any CPU
		{8F5F5EB7-E42B-47E5-9A38-E23CD1FDA7A2}.Release|Any CPU.ActiveCfg = Release|Any CPU
		{8F5F5EB7-E42B-47E5-9A38-E23CD1FDA7A2}.Release|Any CPU.Build.0 = Release|Any CPU
		{CDBB4F18-DA67-4792-82A4-4CB17F181710}.Debug|Any CPU.ActiveCfg = Debug|Any CPU
		{CDBB4F18-DA67-4792-82A4-4CB17F181710}.Debug|Any CPU.Build.0 = Debug|Any CPU
		{CDBB4F18-DA67-4792-82A4-4CB17F181710}.Release|Any CPU.ActiveCfg = Release|Any CPU
		{CDBB4F18-DA67-4792-82A4-4CB17F181710}.Release|Any CPU.Build.0 = Release|Any CPU
		{6598C58B-065C-4E0D-A375-03D35126BBBC}.Debug|Any CPU.ActiveCfg = Debug|Any CPU
		{6598C58B-065C-4E0D-A375-03D35126BBBC}.Debug|Any CPU.Build.0 = Debug|Any CPU
		{6598C58B-065C-4E0D-A375-03D35126BBBC}.Release|Any CPU.ActiveCfg = Release|Any CPU
		{6598C58B-065C-4E0D-A375-03D35126BBBC}.Release|Any CPU.Build.0 = Release|Any CPU
		{38640AE8-61CF-40D6-9A86-56C425DE4092}.Debug|Any CPU.ActiveCfg = Debug|Any CPU
		{38640AE8-61CF-40D6-9A86-56C425DE4092}.Debug|Any CPU.Build.0 = Debug|Any CPU
		{38640AE8-61CF-40D6-9A86-56C425DE4092}.Release|Any CPU.ActiveCfg = Release|Any CPU
		{38640AE8-61CF-40D6-9A86-56C425DE4092}.Release|Any CPU.Build.0 = Release|Any CPU
		{47BC2C5A-DA6F-4368-BA25-C3612BC142B4}.Debug|Any CPU.ActiveCfg = Debug|Any CPU
		{47BC2C5A-DA6F-4368-BA25-C3612BC142B4}.Debug|Any CPU.Build.0 = Debug|Any CPU
		{47BC2C5A-DA6F-4368-BA25-C3612BC142B4}.Release|Any CPU.ActiveCfg = Release|Any CPU
		{47BC2C5A-DA6F-4368-BA25-C3612BC142B4}.Release|Any CPU.Build.0 = Release|Any CPU
		{44956B7A-DA4D-4F75-90C1-8643C9206BFB}.Debug|Any CPU.ActiveCfg = Debug|Any CPU
		{44956B7A-DA4D-4F75-90C1-8643C9206BFB}.Debug|Any CPU.Build.0 = Debug|Any CPU
		{44956B7A-DA4D-4F75-90C1-8643C9206BFB}.Release|Any CPU.ActiveCfg = Release|Any CPU
		{44956B7A-DA4D-4F75-90C1-8643C9206BFB}.Release|Any CPU.Build.0 = Release|Any CPU
		{FB7A29B2-1E0B-425B-9FDC-0BC1F222DDEB}.Debug|Any CPU.ActiveCfg = Debug|Any CPU
		{FB7A29B2-1E0B-425B-9FDC-0BC1F222DDEB}.Debug|Any CPU.Build.0 = Debug|Any CPU
		{FB7A29B2-1E0B-425B-9FDC-0BC1F222DDEB}.Release|Any CPU.ActiveCfg = Release|Any CPU
		{FB7A29B2-1E0B-425B-9FDC-0BC1F222DDEB}.Release|Any CPU.Build.0 = Release|Any CPU
		{8E6DF3FA-F18D-4A9A-BA7B-C454AB9F96FA}.Debug|Any CPU.ActiveCfg = Debug|Any CPU
		{8E6DF3FA-F18D-4A9A-BA7B-C454AB9F96FA}.Debug|Any CPU.Build.0 = Debug|Any CPU
		{8E6DF3FA-F18D-4A9A-BA7B-C454AB9F96FA}.Release|Any CPU.ActiveCfg = Release|Any CPU
		{8E6DF3FA-F18D-4A9A-BA7B-C454AB9F96FA}.Release|Any CPU.Build.0 = Release|Any CPU
		{E13C77DD-2A3F-444F-AA34-50196E5BD6AC}.Debug|Any CPU.ActiveCfg = Debug|Any CPU
		{E13C77DD-2A3F-444F-AA34-50196E5BD6AC}.Debug|Any CPU.Build.0 = Debug|Any CPU
		{E13C77DD-2A3F-444F-AA34-50196E5BD6AC}.Release|Any CPU.ActiveCfg = Release|Any CPU
		{E13C77DD-2A3F-444F-AA34-50196E5BD6AC}.Release|Any CPU.Build.0 = Release|Any CPU
		{D63667CC-F2C2-4571-8103-2BE9E9A41752}.Debug|Any CPU.ActiveCfg = Debug|Any CPU
		{D63667CC-F2C2-4571-8103-2BE9E9A41752}.Debug|Any CPU.Build.0 = Debug|Any CPU
		{D63667CC-F2C2-4571-8103-2BE9E9A41752}.Release|Any CPU.ActiveCfg = Release|Any CPU
		{D63667CC-F2C2-4571-8103-2BE9E9A41752}.Release|Any CPU.Build.0 = Release|Any CPU
		{3B6007EA-B5B3-4C71-88FA-4E564A241F28}.Debug|Any CPU.ActiveCfg = Debug|Any CPU
		{3B6007EA-B5B3-4C71-88FA-4E564A241F28}.Debug|Any CPU.Build.0 = Debug|Any CPU
		{3B6007EA-B5B3-4C71-88FA-4E564A241F28}.Release|Any CPU.ActiveCfg = Release|Any CPU
		{3B6007EA-B5B3-4C71-88FA-4E564A241F28}.Release|Any CPU.Build.0 = Release|Any CPU
		{0D2C8941-38BF-46CB-992B-278E397709F8}.Debug|Any CPU.ActiveCfg = Debug|Any CPU
		{0D2C8941-38BF-46CB-992B-278E397709F8}.Debug|Any CPU.Build.0 = Debug|Any CPU
		{0D2C8941-38BF-46CB-992B-278E397709F8}.Release|Any CPU.ActiveCfg = Release|Any CPU
		{0D2C8941-38BF-46CB-992B-278E397709F8}.Release|Any CPU.Build.0 = Release|Any CPU
		{83805702-3239-414E-BA3D-F5D4772AED3E}.Debug|Any CPU.ActiveCfg = Debug|Any CPU
		{83805702-3239-414E-BA3D-F5D4772AED3E}.Debug|Any CPU.Build.0 = Debug|Any CPU
		{83805702-3239-414E-BA3D-F5D4772AED3E}.Release|Any CPU.ActiveCfg = Release|Any CPU
		{83805702-3239-414E-BA3D-F5D4772AED3E}.Release|Any CPU.Build.0 = Release|Any CPU
		{ED77A204-B0B3-4411-ADAF-B5C8F7404613}.Debug|Any CPU.ActiveCfg = Debug|Any CPU
		{ED77A204-B0B3-4411-ADAF-B5C8F7404613}.Debug|Any CPU.Build.0 = Debug|Any CPU
		{ED77A204-B0B3-4411-ADAF-B5C8F7404613}.Release|Any CPU.ActiveCfg = Release|Any CPU
		{ED77A204-B0B3-4411-ADAF-B5C8F7404613}.Release|Any CPU.Build.0 = Release|Any CPU
	EndGlobalSection
	GlobalSection(SolutionProperties) = preSolution
		HideSolutionNode = FALSE
	EndGlobalSection
	GlobalSection(NestedProjects) = preSolution
		{EF96702D-162F-420A-88BA-DC338DE55352} = {094D97EC-0D90-4B15-924F-A8CF469C1EF6}
		{694F275F-F33B-4F4E-AAF6-28EAE202AE86} = {094D97EC-0D90-4B15-924F-A8CF469C1EF6}
		{AD69E6C1-068F-469F-994E-FD8943342E2D} = {694F275F-F33B-4F4E-AAF6-28EAE202AE86}
		{334CE172-EA23-45B1-A4C9-1C67034F43FF} = {694F275F-F33B-4F4E-AAF6-28EAE202AE86}
		{1E67FADF-CEF3-48A1-8823-0792AA47FDA8} = {694F275F-F33B-4F4E-AAF6-28EAE202AE86}
		{FD6B1FEF-CF3B-40F7-A9B7-436E07DB9DF3} = {E602E3F2-FA4B-4C76-9EF7-4DF1D47B2448}
		{7A06A9F8-23A8-40E5-BCF8-4DF9148DF02A} = {FD6B1FEF-CF3B-40F7-A9B7-436E07DB9DF3}
		{62263341-B395-480D-B7AB-7B95FE2ABB2B} = {FD6B1FEF-CF3B-40F7-A9B7-436E07DB9DF3}
		{FD8ABD00-EA59-4005-92CF-9B2A97EF23DE} = {E602E3F2-FA4B-4C76-9EF7-4DF1D47B2448}
		{8F5F5EB7-E42B-47E5-9A38-E23CD1FDA7A2} = {FD8ABD00-EA59-4005-92CF-9B2A97EF23DE}
		{753C72DF-465F-4E58-B08F-2324AF2CEEE3} = {B9A0677A-CEA2-482A-A1D2-2709B3B32AA2}
		{CDBB4F18-DA67-4792-82A4-4CB17F181710} = {753C72DF-465F-4E58-B08F-2324AF2CEEE3}
		{0527D54F-75C3-4062-AD91-1E60ECA8794D} = {B9A0677A-CEA2-482A-A1D2-2709B3B32AA2}
		{6598C58B-065C-4E0D-A375-03D35126BBBC} = {0527D54F-75C3-4062-AD91-1E60ECA8794D}
		{38640AE8-61CF-40D6-9A86-56C425DE4092} = {0527D54F-75C3-4062-AD91-1E60ECA8794D}
		{AD8305E8-4F19-4DA0-A6E5-19235FBB0DF1} = {B360AE69-8A98-40BC-AF1D-9FA93C4CD44D}
		{47BC2C5A-DA6F-4368-BA25-C3612BC142B4} = {AD8305E8-4F19-4DA0-A6E5-19235FBB0DF1}
		{44956B7A-DA4D-4F75-90C1-8643C9206BFB} = {AD8305E8-4F19-4DA0-A6E5-19235FBB0DF1}
		{4739D7A6-B60B-42E8-9800-658A6F7FFC4E} = {E8F86889-153F-448A-B994-83178218A806}
		{FB7A29B2-1E0B-425B-9FDC-0BC1F222DDEB} = {4739D7A6-B60B-42E8-9800-658A6F7FFC4E}
		{E1EA07AE-2C95-455C-AADF-8C751298E914} = {12C9F533-9314-432F-B2C5-7417AAEA0532}
		{8E6DF3FA-F18D-4A9A-BA7B-C454AB9F96FA} = {E1EA07AE-2C95-455C-AADF-8C751298E914}
		{E13C77DD-2A3F-444F-AA34-50196E5BD6AC} = {E1EA07AE-2C95-455C-AADF-8C751298E914}
		{12A07E5B-B6C8-4588-9EEB-4D7B31675E93} = {E3675463-EE1A-4C1F-94AC-AEC2945D24AA}
		{D63667CC-F2C2-4571-8103-2BE9E9A41752} = {12A07E5B-B6C8-4588-9EEB-4D7B31675E93}
		{3B6007EA-B5B3-4C71-88FA-4E564A241F28} = {12A07E5B-B6C8-4588-9EEB-4D7B31675E93}
		{E67D121D-70EE-4B0A-840C-A2C9CF8C7AC3} = {E3675463-EE1A-4C1F-94AC-AEC2945D24AA}
		{0D2C8941-38BF-46CB-992B-278E397709F8} = {E67D121D-70EE-4B0A-840C-A2C9CF8C7AC3}
		{407E97F1-B6AF-4E1C-AB10-B38A49EB94B2} = {8AA7FB76-DE3C-4EC0-8333-4CF1226176F5}
		{83805702-3239-414E-BA3D-F5D4772AED3E} = {407E97F1-B6AF-4E1C-AB10-B38A49EB94B2}
		{ED77A204-B0B3-4411-ADAF-B5C8F7404613} = {407E97F1-B6AF-4E1C-AB10-B38A49EB94B2}
	EndGlobalSection
	GlobalSection(ExtensibilityGlobals) = postSolution
		SolutionGuid = {EF34FC72-5842-42CB-AA7C-745F84630A26}
	EndGlobalSection
EndGlobal
